
Microsoft Visual Studio Solution File, Format Version 12.00
# Visual Studio Version 16
VisualStudioVersion = 16.0.31410.357
MinimumVisualStudioVersion = 10.0.40219.1
Project("{FAE04EC0-301F-11D3-BF4B-00C04F79EFBC}") = "Sly1Rando", "Sly1Rando\Sly1Rando.csproj", "{9E8791D9-98EB-4830-80AA-2C9883B71142}"
EndProject
Global
	GlobalSection(SolutionConfigurationPlatforms) = preSolution
		Debug|Any CPU = Debug|Any CPU
		Release|Any CPU = Release|Any CPU
	EndGlobalSection
	GlobalSection(ProjectConfigurationPlatforms) = postSolution
		{9E8791D9-98EB-4830-80AA-2C9883B71142}.Debug|Any CPU.ActiveCfg = Debug|Any CPU
		{9E8791D9-98EB-4830-80AA-2C9883B71142}.Debug|Any CPU.Build.0 = Debug|Any CPU
		{9E8791D9-98EB-4830-80AA-2C9883B71142}.Release|Any CPU.ActiveCfg = Release|Any CPU
		{9E8791D9-98EB-4830-80AA-2C9883B71142}.Release|Any CPU.Build.0 = Release|Any CPU
	EndGlobalSection
	GlobalSection(SolutionProperties) = preSolution
		HideSolutionNode = FALSE
	EndGlobalSection
	GlobalSection(ExtensibilityGlobals) = postSolution
		SolutionGuid = {1FAABF0C-6340-4A66-A9A5-E93FBB162572}
	EndGlobalSection
EndGlobal
